// !$*UTF8*$!
{
	archiveVersion = 1;
	classes = {
	};
	objectVersion = 55;
	objects = {

/* Begin PBXBuildFile section */
		ACFB6E60280796BE00C6D64A /* AppDelegate.swift in Sources */ = {isa = PBXBuildFile; fileRef = ACFB6E5F280796BE00C6D64A /* AppDelegate.swift */; };
		ACFB6E62280796BE00C6D64A /* SceneDelegate.swift in Sources */ = {isa = PBXBuildFile; fileRef = ACFB6E61280796BE00C6D64A /* SceneDelegate.swift */; };
		ACFB6E64280796BE00C6D64A /* ViewController.swift in Sources */ = {isa = PBXBuildFile; fileRef = ACFB6E63280796BE00C6D64A /* ViewController.swift */; };
		ACFB6E67280796BE00C6D64A /* Main.storyboard in Resources */ = {isa = PBXBuildFile; fileRef = ACFB6E65280796BE00C6D64A /* Main.storyboard */; };
		ACFB6E69280796BF00C6D64A /* Assets.xcassets in Resources */ = {isa = PBXBuildFile; fileRef = ACFB6E68280796BF00C6D64A /* Assets.xcassets */; };
		ACFB6E6C280796BF00C6D64A /* LaunchScreen.storyboard in Resources */ = {isa = PBXBuildFile; fileRef = ACFB6E6A280796BF00C6D64A /* LaunchScreen.storyboard */; };
		ACFB6E77280796BF00C6D64A /* _23Tests.swift in Sources */ = {isa = PBXBuildFile; fileRef = ACFB6E76280796BF00C6D64A /* _23Tests.swift */; };
		ACFB6E81280796BF00C6D64A /* _23UITests.swift in Sources */ = {isa = PBXBuildFile; fileRef = ACFB6E80280796BF00C6D64A /* _23UITests.swift */; };
		ACFB6E83280796BF00C6D64A /* _23UITestsLaunchTests.swift in Sources */ = {isa = PBXBuildFile; fileRef = ACFB6E82280796BF00C6D64A /* _23UITestsLaunchTests.swift */; };
/* End PBXBuildFile section */

/* Begin PBXContainerItemProxy section */
		ACFB6E73280796BF00C6D64A /* PBXContainerItemProxy */ = {
			isa = PBXContainerItemProxy;
			containerPortal = ACFB6E54280796BE00C6D64A /* Project object */;
			proxyType = 1;
			remoteGlobalIDString = ACFB6E5B280796BE00C6D64A;
			remoteInfo = 123;
		};
		ACFB6E7D280796BF00C6D64A /* PBXContainerItemProxy */ = {
			isa = PBXContainerItemProxy;
			containerPortal = ACFB6E54280796BE00C6D64A /* Project object */;
			proxyType = 1;
			remoteGlobalIDString = ACFB6E5B280796BE00C6D64A;
			remoteInfo = 123;
		};
/* End PBXContainerItemProxy section */

/* Begin PBXFileReference section */
		ACFB6E5C280796BE00C6D64A /* 123.app */ = {isa = PBXFileReference; explicitFileType = wrapper.application; includeInIndex = 0; path = 123.app; sourceTree = BUILT_PRODUCTS_DIR; };
		ACFB6E5F280796BE00C6D64A /* AppDelegate.swift */ = {isa = PBXFileReference; lastKnownFileType = sourcecode.swift; path = AppDelegate.swift; sourceTree = "<group>"; };
		ACFB6E61280796BE00C6D64A /* SceneDelegate.swift */ = {isa = PBXFileReference; lastKnownFileType = sourcecode.swift; path = SceneDelegate.swift; sourceTree = "<group>"; };
		ACFB6E63280796BE00C6D64A /* ViewController.swift */ = {isa = PBXFileReference; lastKnownFileType = sourcecode.swift; path = ViewController.swift; sourceTree = "<group>"; };
		ACFB6E66280796BE00C6D64A /* Base */ = {isa = PBXFileReference; lastKnownFileType = file.storyboard; name = Base; path = Base.lproj/Main.storyboard; sourceTree = "<group>"; };
		ACFB6E68280796BF00C6D64A /* Assets.xcassets */ = {isa = PBXFileReference; lastKnownFileType = folder.assetcatalog; path = Assets.xcassets; sourceTree = "<group>"; };
		ACFB6E6B280796BF00C6D64A /* Base */ = {isa = PBXFileReference; lastKnownFileType = file.storyboard; name = Base; path = Base.lproj/LaunchScreen.storyboard; sourceTree = "<group>"; };
		ACFB6E6D280796BF00C6D64A /* Info.plist */ = {isa = PBXFileReference; lastKnownFileType = text.plist.xml; path = Info.plist; sourceTree = "<group>"; };
		ACFB6E72280796BF00C6D64A /* 123Tests.xctest */ = {isa = PBXFileReference; explicitFileType = wrapper.cfbundle; includeInIndex = 0; path = 123Tests.xctest; sourceTree = BUILT_PRODUCTS_DIR; };
		ACFB6E76280796BF00C6D64A /* _23Tests.swift */ = {isa = PBXFileReference; lastKnownFileType = sourcecode.swift; path = _23Tests.swift; sourceTree = "<group>"; };
		ACFB6E7C280796BF00C6D64A /* 123UITests.xctest */ = {isa = PBXFileReference; explicitFileType = wrapper.cfbundle; includeInIndex = 0; path = 123UITests.xctest; sourceTree = BUILT_PRODUCTS_DIR; };
		ACFB6E80280796BF00C6D64A /* _23UITests.swift */ = {isa = PBXFileReference; lastKnownFileType = sourcecode.swift; path = _23UITests.swift; sourceTree = "<group>"; };
		ACFB6E82280796BF00C6D64A /* _23UITestsLaunchTests.swift */ = {isa = PBXFileReference; lastKnownFileType = sourcecode.swift; path = _23UITestsLaunchTests.swift; sourceTree = "<group>"; };
/* End PBXFileReference section */

/* Begin PBXFrameworksBuildPhase section */
		ACFB6E59280796BE00C6D64A /* Frameworks */ = {
			isa = PBXFrameworksBuildPhase;
			buildActionMask = 2147483647;
			files = (
			);
			runOnlyForDeploymentPostprocessing = 0;
		};
		ACFB6E6F280796BF00C6D64A /* Frameworks */ = {
			isa = PBXFrameworksBuildPhase;
			buildActionMask = 2147483647;
			files = (
			);
			runOnlyForDeploymentPostprocessing = 0;
		};
		ACFB6E79280796BF00C6D64A /* Frameworks */ = {
			isa = PBXFrameworksBuildPhase;
			buildActionMask = 2147483647;
			files = (
			);
			runOnlyForDeploymentPostprocessing = 0;
		};
/* End PBXFrameworksBuildPhase section */

/* Begin PBXGroup section */
		ACFB6E53280796BE00C6D64A = {
			isa = PBXGroup;
			children = (
				ACFB6E5E280796BE00C6D64A /* 123 */,
				ACFB6E75280796BF00C6D64A /* 123Tests */,
				ACFB6E7F280796BF00C6D64A /* 123UITests */,
				ACFB6E5D280796BE00C6D64A /* Products */,
			);
			sourceTree = "<group>";
		};
		ACFB6E5D280796BE00C6D64A /* Products */ = {
			isa = PBXGroup;
			children = (
				ACFB6E5C280796BE00C6D64A /* 123.app */,
				ACFB6E72280796BF00C6D64A /* 123Tests.xctest */,
				ACFB6E7C280796BF00C6D64A /* 123UITests.xctest */,
			);
			name = Products;
			sourceTree = "<group>";
		};
		ACFB6E5E280796BE00C6D64A /* 123 */ = {
			isa = PBXGroup;
			children = (
				ACFB6E5F280796BE00C6D64A /* AppDelegate.swift */,
				ACFB6E61280796BE00C6D64A /* SceneDelegate.swift */,
				ACFB6E63280796BE00C6D64A /* ViewController.swift */,
				ACFB6E65280796BE00C6D64A /* Main.storyboard */,
				ACFB6E68280796BF00C6D64A /* Assets.xcassets */,
				ACFB6E6A280796BF00C6D64A /* LaunchScreen.storyboard */,
				ACFB6E6D280796BF00C6D64A /* Info.plist */,
			);
			path = 123;
			sourceTree = "<group>";
		};
		ACFB6E75280796BF00C6D64A /* 123Tests */ = {
			isa = PBXGroup;
			children = (
				ACFB6E76280796BF00C6D64A /* _23Tests.swift */,
			);
			path = 123Tests;
			sourceTree = "<group>";
		};
		ACFB6E7F280796BF00C6D64A /* 123UITests */ = {
			isa = PBXGroup;
			children = (
				ACFB6E80280796BF00C6D64A /* _23UITests.swift */,
				ACFB6E82280796BF00C6D64A /* _23UITestsLaunchTests.swift */,
			);
			path = 123UITests;
			sourceTree = "<group>";
		};
/* End PBXGroup section */

/* Begin PBXNativeTarget section */
		ACFB6E5B280796BE00C6D64A /* 123 */ = {
			isa = PBXNativeTarget;
			buildConfigurationList = ACFB6E86280796BF00C6D64A /* Build configuration list for PBXNativeTarget "123" */;
			buildPhases = (
				ACFB6E58280796BE00C6D64A /* Sources */,
				ACFB6E59280796BE00C6D64A /* Frameworks */,
				ACFB6E5A280796BE00C6D64A /* Resources */,
			);
			buildRules = (
			);
			dependencies = (
			);
			name = 123;
			productName = 123;
			productReference = ACFB6E5C280796BE00C6D64A /* 123.app */;
			productType = "com.apple.product-type.application";
		};
		ACFB6E71280796BF00C6D64A /* 123Tests */ = {
			isa = PBXNativeTarget;
			buildConfigurationList = ACFB6E89280796BF00C6D64A /* Build configuration list for PBXNativeTarget "123Tests" */;
			buildPhases = (
				ACFB6E6E280796BF00C6D64A /* Sources */,
				ACFB6E6F280796BF00C6D64A /* Frameworks */,
				ACFB6E70280796BF00C6D64A /* Resources */,
			);
			buildRules = (
			);
			dependencies = (
				ACFB6E74280796BF00C6D64A /* PBXTargetDependency */,
			);
			name = 123Tests;
			productName = 123Tests;
			productReference = ACFB6E72280796BF00C6D64A /* 123Tests.xctest */;
			productType = "com.apple.product-type.bundle.unit-test";
		};
		ACFB6E7B280796BF00C6D64A /* 123UITests */ = {
			isa = PBXNativeTarget;
			buildConfigurationList = ACFB6E8C280796BF00C6D64A /* Build configuration list for PBXNativeTarget "123UITests" */;
			buildPhases = (
				ACFB6E78280796BF00C6D64A /* Sources */,
				ACFB6E79280796BF00C6D64A /* Frameworks */,
				ACFB6E7A280796BF00C6D64A /* Resources */,
			);
			buildRules = (
			);
			dependencies = (
				ACFB6E7E280796BF00C6D64A /* PBXTargetDependency */,
			);
			name = 123UITests;
			productName = 123UITests;
			productReference = ACFB6E7C280796BF00C6D64A /* 123UITests.xctest */;
			productType = "com.apple.product-type.bundle.ui-testing";
		};
/* End PBXNativeTarget section */

/* Begin PBXProject section */
		ACFB6E54280796BE00C6D64A /* Project object */ = {
			isa = PBXProject;
			attributes = {
				BuildIndependentTargetsInParallel = 1;
				LastSwiftUpdateCheck = 1320;
				LastUpgradeCheck = 1320;
				TargetAttributes = {
					ACFB6E5B280796BE00C6D64A = {
						CreatedOnToolsVersion = 13.2.1;
					};
					ACFB6E71280796BF00C6D64A = {
						CreatedOnToolsVersion = 13.2.1;
						TestTargetID = ACFB6E5B280796BE00C6D64A;
					};
					ACFB6E7B280796BF00C6D64A = {
						CreatedOnToolsVersion = 13.2.1;
						TestTargetID = ACFB6E5B280796BE00C6D64A;
					};
				};
			};
			buildConfigurationList = ACFB6E57280796BE00C6D64A /* Build configuration list for PBXProject "123" */;
			compatibilityVersion = "Xcode 13.0";
			developmentRegion = en;
			hasScannedForEncodings = 0;
			knownRegions = (
				en,
				Base,
			);
			mainGroup = ACFB6E53280796BE00C6D64A;
			productRefGroup = ACFB6E5D280796BE00C6D64A /* Products */;
			projectDirPath = "";
			projectRoot = "";
			targets = (
				ACFB6E5B280796BE00C6D64A /* 123 */,
				ACFB6E71280796BF00C6D64A /* 123Tests */,
				ACFB6E7B280796BF00C6D64A /* 123UITests */,
			);
		};
/* End PBXProject section */

/* Begin PBXResourcesBuildPhase section */
		ACFB6E5A280796BE00C6D64A /* Resources */ = {
			isa = PBXResourcesBuildPhase;
			buildActionMask = 2147483647;
			files = (
				ACFB6E6C280796BF00C6D64A /* LaunchScreen.storyboard in Resources */,
				ACFB6E69280796BF00C6D64A /* Assets.xcassets in Resources */,
				ACFB6E67280796BE00C6D64A /* Main.storyboard in Resources */,
			);
			runOnlyForDeploymentPostprocessing = 0;
		};
		ACFB6E70280796BF00C6D64A /* Resources */ = {
			isa = PBXResourcesBuildPhase;
			buildActionMask = 2147483647;
			files = (
			);
			runOnlyForDeploymentPostprocessing = 0;
		};
		ACFB6E7A280796BF00C6D64A /* Resources */ = {
			isa = PBXResourcesBuildPhase;
			buildActionMask = 2147483647;
			files = (
			);
			runOnlyForDeploymentPostprocessing = 0;
		};
/* End PBXResourcesBuildPhase section */

/* Begin PBXSourcesBuildPhase section */
		ACFB6E58280796BE00C6D64A /* Sources */ = {
			isa = PBXSourcesBuildPhase;
			buildActionMask = 2147483647;
			files = (
				ACFB6E64280796BE00C6D64A /* ViewController.swift in Sources */,
				ACFB6E60280796BE00C6D64A /* AppDelegate.swift in Sources */,
				ACFB6E62280796BE00C6D64A /* SceneDelegate.swift in Sources */,
			);
			runOnlyForDeploymentPostprocessing = 0;
		};
		ACFB6E6E280796BF00C6D64A /* Sources */ = {
			isa = PBXSourcesBuildPhase;
			buildActionMask = 2147483647;
			files = (
				ACFB6E77280796BF00C6D64A /* _23Tests.swift in Sources */,
			);
			runOnlyForDeploymentPostprocessing = 0;
		};
		ACFB6E78280796BF00C6D64A /* Sources */ = {
			isa = PBXSourcesBuildPhase;
			buildActionMask = 2147483647;
			files = (
				ACFB6E81280796BF00C6D64A /* _23UITests.swift in Sources */,
				ACFB6E83280796BF00C6D64A /* _23UITestsLaunchTests.swift in Sources */,
			);
			runOnlyForDeploymentPostprocessing = 0;
		};
/* End PBXSourcesBuildPhase section */

/* Begin PBXTargetDependency section */
		ACFB6E74280796BF00C6D64A /* PBXTargetDependency */ = {
			isa = PBXTargetDependency;
			target = ACFB6E5B280796BE00C6D64A /* 123 */;
			targetProxy = ACFB6E73280796BF00C6D64A /* PBXContainerItemProxy */;
		};
		ACFB6E7E280796BF00C6D64A /* PBXTargetDependency */ = {
			isa = PBXTargetDependency;
			target = ACFB6E5B280796BE00C6D64A /* 123 */;
			targetProxy = ACFB6E7D280796BF00C6D64A /* PBXContainerItemProxy */;
		};
/* End PBXTargetDependency section */

/* Begin PBXVariantGroup section */
		ACFB6E65280796BE00C6D64A /* Main.storyboard */ = {
			isa = PBXVariantGroup;
			children = (
				ACFB6E66280796BE00C6D64A /* Base */,
			);
			name = Main.storyboard;
			sourceTree = "<group>";
		};
		ACFB6E6A280796BF00C6D64A /* LaunchScreen.storyboard */ = {
			isa = PBXVariantGroup;
			children = (
				ACFB6E6B280796BF00C6D64A /* Base */,
			);
			name = LaunchScreen.storyboard;
			sourceTree = "<group>";
		};
/* End PBXVariantGroup section */

/* Begin XCBuildConfiguration section */
		ACFB6E84280796BF00C6D64A /* Debug */ = {
			isa = XCBuildConfiguration;
			buildSettings = {
				ALWAYS_SEARCH_USER_PATHS = NO;
				CLANG_ANALYZER_NONNULL = YES;
				CLANG_ANALYZER_NUMBER_OBJECT_CONVERSION = YES_AGGRESSIVE;
				CLANG_CXX_LANGUAGE_STANDARD = "gnu++17";
				CLANG_CXX_LIBRARY = "libc++";
				CLANG_ENABLE_MODULES = YES;
				CLANG_ENABLE_OBJC_ARC = YES;
				CLANG_ENABLE_OBJC_WEAK = YES;
				CLANG_WARN_BLOCK_CAPTURE_AUTORELEASING = YES;
				CLANG_WARN_BOOL_CONVERSION = YES;
				CLANG_WARN_COMMA = YES;
				CLANG_WARN_CONSTANT_CONVERSION = YES;
				CLANG_WARN_DEPRECATED_OBJC_IMPLEMENTATIONS = YES;
				CLANG_WARN_DIRECT_OBJC_ISA_USAGE = YES_ERROR;
				CLANG_WARN_DOCUMENTATION_COMMENTS = YES;
				CLANG_WARN_EMPTY_BODY = YES;
				CLANG_WARN_ENUM_CONVERSION = YES;
				CLANG_WARN_INFINITE_RECURSION = YES;
				CLANG_WARN_INT_CONVERSION = YES;
				CLANG_WARN_NON_LITERAL_NULL_CONVERSION = YES;
				CLANG_WARN_OBJC_IMPLICIT_RETAIN_SELF = YES;
				CLANG_WARN_OBJC_LITERAL_CONVERSION = YES;
				CLANG_WARN_OBJC_ROOT_CLASS = YES_ERROR;
				CLANG_WARN_QUOTED_INCLUDE_IN_FRAMEWORK_HEADER = YES;
				CLANG_WARN_RANGE_LOOP_ANALYSIS = YES;
				CLANG_WARN_STRICT_PROTOTYPES = YES;
				CLANG_WARN_SUSPICIOUS_MOVE = YES;
				CLANG_WARN_UNGUARDED_AVAILABILITY = YES_AGGRESSIVE;
				CLANG_WARN_UNREACHABLE_CODE = YES;
				CLANG_WARN__DUPLICATE_METHOD_MATCH = YES;
				COPY_PHASE_STRIP = NO;
				DEBUG_INFORMATION_FORMAT = dwarf;
				ENABLE_STRICT_OBJC_MSGSEND = YES;
				ENABLE_TESTABILITY = YES;
				GCC_C_LANGUAGE_STANDARD = gnu11;
				GCC_DYNAMIC_NO_PIC = NO;
				GCC_NO_COMMON_BLOCKS = YES;
				GCC_OPTIMIZATION_LEVEL = 0;
				GCC_PREPROCESSOR_DEFINITIONS = (
					"DEBUG=1",
					"$(inherited)",
				);
				GCC_WARN_64_TO_32_BIT_CONVERSION = YES;
				GCC_WARN_ABOUT_RETURN_TYPE = YES_ERROR;
				GCC_WARN_UNDECLARED_SELECTOR = YES;
				GCC_WARN_UNINITIALIZED_AUTOS = YES_AGGRESSIVE;
				GCC_WARN_UNUSED_FUNCTION = YES;
				GCC_WARN_UNUSED_VARIABLE = YES;
				IPHONEOS_DEPLOYMENT_TARGET = 15.2;
				MTL_ENABLE_DEBUG_INFO = INCLUDE_SOURCE;
				MTL_FAST_MATH = YES;
				ONLY_ACTIVE_ARCH = YES;
				SDKROOT = iphoneos;
				SWIFT_ACTIVE_COMPILATION_CONDITIONS = DEBUG;
				SWIFT_OPTIMIZATION_LEVEL = "-Onone";
			};
			name = Debug;
		};
		ACFB6E85280796BF00C6D64A /* Release */ = {
			isa = XCBuildConfiguration;
			buildSettings = {
				ALWAYS_SEARCH_USER_PATHS = NO;
				CLANG_ANALYZER_NONNULL = YES;
				CLANG_ANALYZER_NUMBER_OBJECT_CONVERSION = YES_AGGRESSIVE;
				CLANG_CXX_LANGUAGE_STANDARD = "gnu++17";
				CLANG_CXX_LIBRARY = "libc++";
				CLANG_ENABLE_MODULES = YES;
				CLANG_ENABLE_OBJC_ARC = YES;
				CLANG_ENABLE_OBJC_WEAK = YES;
				CLANG_WARN_BLOCK_CAPTURE_AUTORELEASING = YES;
				CLANG_WARN_BOOL_CONVERSION = YES;
				CLANG_WARN_COMMA = YES;
				CLANG_WARN_CONSTANT_CONVERSION = YES;
				CLANG_WARN_DEPRECATED_OBJC_IMPLEMENTATIONS = YES;
				CLANG_WARN_DIRECT_OBJC_ISA_USAGE = YES_ERROR;
				CLANG_WARN_DOCUMENTATION_COMMENTS = YES;
				CLANG_WARN_EMPTY_BODY = YES;
				CLANG_WARN_ENUM_CONVERSION = YES;
				CLANG_WARN_INFINITE_RECURSION = YES;
				CLANG_WARN_INT_CONVERSION = YES;
				CLANG_WARN_NON_LITERAL_NULL_CONVERSION = YES;
				CLANG_WARN_OBJC_IMPLICIT_RETAIN_SELF = YES;
				CLANG_WARN_OBJC_LITERAL_CONVERSION = YES;
				CLANG_WARN_OBJC_ROOT_CLASS = YES_ERROR;
				CLANG_WARN_QUOTED_INCLUDE_IN_FRAMEWORK_HEADER = YES;
				CLANG_WARN_RANGE_LOOP_ANALYSIS = YES;
				CLANG_WARN_STRICT_PROTOTYPES = YES;
				CLANG_WARN_SUSPICIOUS_MOVE = YES;
				CLANG_WARN_UNGUARDED_AVAILABILITY = YES_AGGRESSIVE;
				CLANG_WARN_UNREACHABLE_CODE = YES;
				CLANG_WARN__DUPLICATE_METHOD_MATCH = YES;
				COPY_PHASE_STRIP = NO;
				DEBUG_INFORMATION_FORMAT = "dwarf-with-dsym";
				ENABLE_NS_ASSERTIONS = NO;
				ENABLE_STRICT_OBJC_MSGSEND = YES;
				GCC_C_LANGUAGE_STANDARD = gnu11;
				GCC_NO_COMMON_BLOCKS = YES;
				GCC_WARN_64_TO_32_BIT_CONVERSION = YES;
				GCC_WARN_ABOUT_RETURN_TYPE = YES_ERROR;
				GCC_WARN_UNDECLARED_SELECTOR = YES;
				GCC_WARN_UNINITIALIZED_AUTOS = YES_AGGRESSIVE;
				GCC_WARN_UNUSED_FUNCTION = YES;
				GCC_WARN_UNUSED_VARIABLE = YES;
				IPHONEOS_DEPLOYMENT_TARGET = 15.2;
				MTL_ENABLE_DEBUG_INFO = NO;
				MTL_FAST_MATH = YES;
				SDKROOT = iphoneos;
				SWIFT_COMPILATION_MODE = wholemodule;
				SWIFT_OPTIMIZATION_LEVEL = "-O";
				VALIDATE_PRODUCT = YES;
			};
			name = Release;
		};
		ACFB6E87280796BF00C6D64A /* Debug */ = {
			isa = XCBuildConfiguration;
			buildSettings = {
				ASSETCATALOG_COMPILER_APPICON_NAME = AppIcon;
				ASSETCATALOG_COMPILER_GLOBAL_ACCENT_COLOR_NAME = AccentColor;
				CODE_SIGN_STYLE = Automatic;
				CURRENT_PROJECT_VERSION = 1;
				GENERATE_INFOPLIST_FILE = YES;
				INFOPLIST_FILE = 123/Info.plist;
				INFOPLIST_KEY_UIApplicationSupportsIndirectInputEvents = YES;
				INFOPLIST_KEY_UILaunchStoryboardName = LaunchScreen;
				INFOPLIST_KEY_UIMainStoryboardFile = Main;
				INFOPLIST_KEY_UISupportedInterfaceOrientations_iPad = "UIInterfaceOrientationPortrait UIInterfaceOrientationPortraitUpsideDown UIInterfaceOrientationLandscapeLeft UIInterfaceOrientationLandscapeRight";
				INFOPLIST_KEY_UISupportedInterfaceOrientations_iPhone = "UIInterfaceOrientationPortrait UIInterfaceOrientationLandscapeLeft UIInterfaceOrientationLandscapeRight";
				LD_RUNPATH_SEARCH_PATHS = (
					"$(inherited)",
					"@executable_path/Frameworks",
				);
				MARKETING_VERSION = 1.0;
				PRODUCT_BUNDLE_IDENTIFIER = "-23.-23";
				PRODUCT_NAME = "$(TARGET_NAME)";
				SWIFT_EMIT_LOC_STRINGS = YES;
				SWIFT_VERSION = 5.0;
				TARGETED_DEVICE_FAMILY = "1,2";
			};
			name = Debug;
		};
		ACFB6E88280796BF00C6D64A /* Release */ = {
			isa = XCBuildConfiguration;
			buildSettings = {
				ASSETCATALOG_COMPILER_APPICON_NAME = AppIcon;
				ASSETCATALOG_COMPILER_GLOBAL_ACCENT_COLOR_NAME = AccentColor;
				CODE_SIGN_STYLE = Automatic;
				CURRENT_PROJECT_VERSION = 1;
				GENERATE_INFOPLIST_FILE = YES;
				INFOPLIST_FILE = 123/Info.plist;
				INFOPLIST_KEY_UIApplicationSupportsIndirectInputEvents = YES;
				INFOPLIST_KEY_UILaunchStoryboardName = LaunchScreen;
				INFOPLIST_KEY_UIMainStoryboardFile = Main;
				INFOPLIST_KEY_UISupportedInterfaceOrientations_iPad = "UIInterfaceOrientationPortrait UIInterfaceOrientationPortraitUpsideDown UIInterfaceOrientationLandscapeLeft UIInterfaceOrientationLandscapeRight";
				INFOPLIST_KEY_UISupportedInterfaceOrientations_iPhone = "UIInterfaceOrientationPortrait UIInterfaceOrientationLandscapeLeft UIInterfaceOrientationLandscapeRight";
				LD_RUNPATH_SEARCH_PATHS = (
					"$(inherited)",
					"@executable_path/Frameworks",
				);
				MARKETING_VERSION = 1.0;
				PRODUCT_BUNDLE_IDENTIFIER = "-23.-23";
				PRODUCT_NAME = "$(TARGET_NAME)";
				SWIFT_EMIT_LOC_STRINGS = YES;
				SWIFT_VERSION = 5.0;
				TARGETED_DEVICE_FAMILY = "1,2";
			};
			name = Release;
		};
		ACFB6E8A280796BF00C6D64A /* Debug */ = {
			isa = XCBuildConfiguration;
			buildSettings = {
				ALWAYS_EMBED_SWIFT_STANDARD_LIBRARIES = YES;
				BUNDLE_LOADER = "$(TEST_HOST)";
				CODE_SIGN_STYLE = Automatic;
				CURRENT_PROJECT_VERSION = 1;
				GENERATE_INFOPLIST_FILE = YES;
				IPHONEOS_DEPLOYMENT_TARGET = 15.2;
				MARKETING_VERSION = 1.0;
				PRODUCT_BUNDLE_IDENTIFIER = "-23.-23Tests";
				PRODUCT_NAME = "$(TARGET_NAME)";
				SWIFT_EMIT_LOC_STRINGS = NO;
				SWIFT_VERSION = 5.0;
				TARGETED_DEVICE_FAMILY = "1,2";
				TEST_HOST = "$(BUILT_PRODUCTS_DIR)/123.app/123";
			};
			name = Debug;
		};
		ACFB6E8B280796BF00C6D64A /* Release */ = {
			isa = XCBuildConfiguration;
			buildSettings = {
				ALWAYS_EMBED_SWIFT_STANDARD_LIBRARIES = YES;
				BUNDLE_LOADER = "$(TEST_HOST)";
				CODE_SIGN_STYLE = Automatic;
				CURRENT_PROJECT_VERSION = 1;
				GENERATE_INFOPLIST_FILE = YES;
				IPHONEOS_DEPLOYMENT_TARGET = 15.2;
				MARKETING_VERSION = 1.0;
				PRODUCT_BUNDLE_IDENTIFIER = "-23.-23Tests";
				PRODUCT_NAME = "$(TARGET_NAME)";
				SWIFT_EMIT_LOC_STRINGS = NO;
				SWIFT_VERSION = 5.0;
				TARGETED_DEVICE_FAMILY = "1,2";
				TEST_HOST = "$(BUILT_PRODUCTS_DIR)/123.app/123";
			};
			name = Release;
		};
		ACFB6E8D280796BF00C6D64A /* Debug */ = {
			isa = XCBuildConfiguration;
			buildSettings = {
				ALWAYS_EMBED_SWIFT_STANDARD_LIBRARIES = YES;
				CODE_SIGN_STYLE = Automatic;
				CURRENT_PROJECT_VERSION = 1;
				GENERATE_INFOPLIST_FILE = YES;
				MARKETING_VERSION = 1.0;
				PRODUCT_BUNDLE_IDENTIFIER = "-23.-23UITests";
				PRODUCT_NAME = "$(TARGET_NAME)";
				SWIFT_EMIT_LOC_STRINGS = NO;
				SWIFT_VERSION = 5.0;
				TARGETED_DEVICE_FAMILY = "1,2";
				TEST_TARGET_NAME = 123;
			};
			name = Debug;
		};
		ACFB6E8E280796BF00C6D64A /* Release */ = {
			isa = XCBuildConfiguration;
			buildSettings = {
				ALWAYS_EMBED_SWIFT_STANDARD_LIBRARIES = YES;
				CODE_SIGN_STYLE = Automatic;
				CURRENT_PROJECT_VERSION = 1;
				GENERATE_INFOPLIST_FILE = YES;
				MARKETING_VERSION = 1.0;
				PRODUCT_BUNDLE_IDENTIFIER = "-23.-23UITests";
				PRODUCT_NAME = "$(TARGET_NAME)";
				SWIFT_EMIT_LOC_STRINGS = NO;
				SWIFT_VERSION = 5.0;
				TARGETED_DEVICE_FAMILY = "1,2";
				TEST_TARGET_NAME = 123;
			};
			name = Release;
		};
/* End XCBuildConfiguration section */

/* Begin XCConfigurationList section */
		ACFB6E57280796BE00C6D64A /* Build configuration list for PBXProject "123" */ = {
			isa = XCConfigurationList;
			buildConfigurations = (
				ACFB6E84280796BF00C6D64A /* Debug */,
				ACFB6E85280796BF00C6D64A /* Release */,
			);
			defaultConfigurationIsVisible = 0;
			defaultConfigurationName = Release;
		};
		ACFB6E86280796BF00C6D64A /* Build configuration list for PBXNativeTarget "123" */ = {
			isa = XCConfigurationList;
			buildConfigurations = (
				ACFB6E87280796BF00C6D64A /* Debug */,
				ACFB6E88280796BF00C6D64A /* Release */,
			);
			defaultConfigurationIsVisible = 0;
			defaultConfigurationName = Release;
		};
		ACFB6E89280796BF00C6D64A /* Build configuration list for PBXNativeTarget "123Tests" */ = {
			isa = XCConfigurationList;
			buildConfigurations = (
				ACFB6E8A280796BF00C6D64A /* Debug */,
				ACFB6E8B280796BF00C6D64A /* Release */,
			);
			defaultConfigurationIsVisible = 0;
			defaultConfigurationName = Release;
		};
		ACFB6E8C280796BF00C6D64A /* Build configuration list for PBXNativeTarget "123UITests" */ = {
			isa = XCConfigurationList;
			buildConfigurations = (
				ACFB6E8D280796BF00C6D64A /* Debug */,
				ACFB6E8E280796BF00C6D64A /* Release */,
			);
			defaultConfigurationIsVisible = 0;
			defaultConfigurationName = Release;
		};
/* End XCConfigurationList section */
	};
	rootObject = ACFB6E54280796BE00C6D64A /* Project object */;
}
